
Microsoft Visual Studio Solution File, Format Version 12.00
# Visual Studio Version 17
VisualStudioVersion = 17.9.34902.65
MinimumVisualStudioVersion = 10.0.40219.1
Project("{2150E333-8FDC-42A3-9474-1A3956D46DE8}") = "src", "src", "{7DABB6CA-1E88-47EC-B97F-8AD808AE421C}"
EndProject
Project("{2150E333-8FDC-42A3-9474-1A3956D46DE8}") = "WebApplication", "WebApplication", "{56CA94E3-03BB-4420-B110-7FAA75BE5316}"
EndProject
Project("{FAE04EC0-301F-11D3-BF4B-00C04F79EFBC}") = "PetsCareLove.Web", "PetsCareLove.Web\PetsCareLove.Web.csproj", "{A786EBBD-6962-4CD9-A5CB-9B57649C15AF}"
EndProject
Global
	GlobalSection(SolutionConfigurationPlatforms) = preSolution
		Debug|Any CPU = Debug|Any CPU
		Release|Any CPU = Release|Any CPU
	EndGlobalSection
	GlobalSection(ProjectConfigurationPlatforms) = postSolution
		{A786EBBD-6962-4CD9-A5CB-9B57649C15AF}.Debug|Any CPU.ActiveCfg = Debug|Any CPU
		{A786EBBD-6962-4CD9-A5CB-9B57649C15AF}.Debug|Any CPU.Build.0 = Debug|Any CPU
		{A786EBBD-6962-4CD9-A5CB-9B57649C15AF}.Release|Any CPU.ActiveCfg = Release|Any CPU
		{A786EBBD-6962-4CD9-A5CB-9B57649C15AF}.Release|Any CPU.Build.0 = Release|Any CPU
	EndGlobalSection
	GlobalSection(SolutionProperties) = preSolution
		HideSolutionNode = FALSE
	EndGlobalSection
	GlobalSection(NestedProjects) = preSolution
		{56CA94E3-03BB-4420-B110-7FAA75BE5316} = {7DABB6CA-1E88-47EC-B97F-8AD808AE421C}
		{A786EBBD-6962-4CD9-A5CB-9B57649C15AF} = {56CA94E3-03BB-4420-B110-7FAA75BE5316}
	EndGlobalSection
	GlobalSection(ExtensibilityGlobals) = postSolution
		SolutionGuid = {88689AE6-7E82-4CF6-BB01-C6E635E8E7FC}
	EndGlobalSection
EndGlobal
